Microsoft Visual Studio Solution File, Format Version 12.00
# Visual Studio 15
VisualStudioVersion = 15.0.28307.136
MinimumVisualStudioVersion = 10.0.40219.1
Project("{FAE04EC0-301F-11D3-BF4B-00C04F79EFBC}") = "TouchEffectSample.Android", "TouchEffectSample.Android\TouchEffectSample.Android.csproj", "{9EED875F-F3C4-4753-9064-39DF7CD222AA}"
EndProject
Project("{FAE04EC0-301F-11D3-BF4B-00C04F79EFBC}") = "TouchEffectSample.iOS", "TouchEffectSample.iOS\TouchEffectSample.iOS.csproj", "{EFC9E9D1-3EAF-41B5-A081-8994FDBE52C0}"
EndProject
Project("{9A19103F-16F7-4668-BE54-9A1E7A4F7556}") = "TouchEffectSample", "TouchEffectSample\TouchEffectSample.csproj", "{77A86ACE-E769-4EE3-9C7B-7F2F45139752}"
EndProject
Project("{FAE04EC0-301F-11D3-BF4B-00C04F79EFBC}") = "TouchEffect.iOS", "TouchEffect.iOS\TouchEffect.iOS.csproj", "{78144B76-1773-47C2-B4D1-5351BEC6867D}"
EndProject
Project("{9A19103F-16F7-4668-BE54-9A1E7A4F7556}") = "TouchEffect", "TouchEffect\TouchEffect.csproj", "{DA072342-C557-4A65-B9BD-68C0491C3E9D}"
EndProject
Project("{FAE04EC0-301F-11D3-BF4B-00C04F79EFBC}") = "TouchEffect.Droid", "TouchEffect.Droid\TouchEffect.Droid.csproj", "{297262D7-A22B-4A90-9C46-368CB7F692D8}"
EndProject
Project("{FAE04EC0-301F-11D3-BF4B-00C04F79EFBC}") = "TouchEffect.UWP", "TouchEffect.UWP\TouchEffect.UWP.csproj", "{EE44E0CC-0E40-48AB-B419-B77451308BBE}"
EndProject
Project("{FAE04EC0-301F-11D3-BF4B-00C04F79EFBC}") = "TouchEffectSample.UWP", "TouchEffectSample.UWP\TouchEffectSample.UWP.csproj", "{C47718CF-1C40-4C72-9A62-DC0CA13C8B2C}"
EndProject
Project("{FAE04EC0-301F-11D3-BF4B-00C04F79EFBC}") = "TouchEffectSample.Mac", "TouchEffectSample.Mac\TouchEffectSample.Mac.csproj", "{911966E9-BB65-449A-A4F5-4494D78BC593}"
EndProject
Project("{FAE04EC0-301F-11D3-BF4B-00C04F79EFBC}") = "TouchEffect.Mac", "TouchEffect.Mac\TouchEffect.Mac.csproj", "{AF5B4A8F-4A91-4EEC-AAA7-9EEDB36EA3DC}"
EndProject
Global
	GlobalSection(SolutionConfigurationPlatforms) = preSolution
		Ad-Hoc|Any CPU = Ad-Hoc|Any CPU
		Ad-Hoc|ARM = Ad-Hoc|ARM
		Ad-Hoc|ARM64 = Ad-Hoc|ARM64
		Ad-Hoc|iPhone = Ad-Hoc|iPhone
		Ad-Hoc|iPhoneSimulator = Ad-Hoc|iPhoneSimulator
		Ad-Hoc|x64 = Ad-Hoc|x64
		Ad-Hoc|x86 = Ad-Hoc|x86
		AppStore|Any CPU = AppStore|Any CPU
		AppStore|ARM = AppStore|ARM
		AppStore|ARM64 = AppStore|ARM64
		AppStore|iPhone = AppStore|iPhone
		AppStore|iPhoneSimulator = AppStore|iPhoneSimulator
		AppStore|x64 = AppStore|x64
		AppStore|x86 = AppStore|x86
		Debug|Any CPU = Debug|Any CPU
		Debug|ARM = Debug|ARM
		Debug|ARM64 = Debug|ARM64
		Debug|iPhone = Debug|iPhone
		Debug|iPhoneSimulator = Debug|iPhoneSimulator
		Debug|x64 = Debug|x64
		Debug|x86 = Debug|x86
		Release|Any CPU = Release|Any CPU
		Release|ARM = Release|ARM
		Release|ARM64 = Release|ARM64
		Release|iPhone = Release|iPhone
		Release|iPhoneSimulator = Release|iPhoneSimulator
		Release|x64 = Release|x64
		Release|x86 = Release|x86
	EndGlobalSection
	GlobalSection(ProjectConfigurationPlatforms) = postSolution
		{9EED875F-F3C4-4753-9064-39DF7CD222AA}.Ad-Hoc|Any CPU.ActiveCfg = Release|Any CPU
		{9EED875F-F3C4-4753-9064-39DF7CD222AA}.Ad-Hoc|Any CPU.Build.0 = Release|Any CPU
		{9EED875F-F3C4-4753-9064-39DF7CD222AA}.Ad-Hoc|Any CPU.Deploy.0 = Release|Any CPU
		{9EED875F-F3C4-4753-9064-39DF7CD222AA}.Ad-Hoc|ARM.ActiveCfg = Release|Any CPU
		{9EED875F-F3C4-4753-9064-39DF7CD222AA}.Ad-Hoc|ARM.Build.0 = Release|Any CPU
		{9EED875F-F3C4-4753-9064-39DF7CD222AA}.Ad-Hoc|ARM.Deploy.0 = Release|Any CPU
		{9EED875F-F3C4-4753-9064-39DF7CD222AA}.Ad-Hoc|ARM64.ActiveCfg = Release|Any CPU
		{9EED875F-F3C4-4753-9064-39DF7CD222AA}.Ad-Hoc|ARM64.Build.0 = Release|Any CPU
		{9EED875F-F3C4-4753-9064-39DF7CD222AA}.Ad-Hoc|ARM64.Deploy.0 = Release|Any CPU
		{9EED875F-F3C4-4753-9064-39DF7CD222AA}.Ad-Hoc|iPhone.ActiveCfg = Debug|Any CPU
		{9EED875F-F3C4-4753-9064-39DF7CD222AA}.Ad-Hoc|iPhone.Build.0 = Debug|Any CPU
		{9EED875F-F3C4-4753-9064-39DF7CD222AA}.Ad-Hoc|iPhoneSimulator.ActiveCfg = Release|Any CPU
		{9EED875F-F3C4-4753-9064-39DF7CD222AA}.Ad-Hoc|iPhoneSimulator.Build.0 = Release|Any CPU
		{9EED875F-F3C4-4753-9064-39DF7CD222AA}.Ad-Hoc|iPhoneSimulator.Deploy.0 = Release|Any CPU
		{9EED875F-F3C4-4753-9064-39DF7CD222AA}.Ad-Hoc|x64.ActiveCfg = Release|Any CPU
		{9EED875F-F3C4-4753-9064-39DF7CD222AA}.Ad-Hoc|x64.Build.0 = Release|Any CPU
		{9EED875F-F3C4-4753-9064-39DF7CD222AA}.Ad-Hoc|x64.Deploy.0 = Release|Any CPU
		{9EED875F-F3C4-4753-9064-39DF7CD222AA}.Ad-Hoc|x86.ActiveCfg = Release|Any CPU
		{9EED875F-F3C4-4753-9064-39DF7CD222AA}.Ad-Hoc|x86.Build.0 = Release|Any CPU
		{9EED875F-F3C4-4753-9064-39DF7CD222AA}.Ad-Hoc|x86.Deploy.0 = Release|Any CPU
		{9EED875F-F3C4-4753-9064-39DF7CD222AA}.AppStore|Any CPU.ActiveCfg = Release|Any CPU
		{9EED875F-F3C4-4753-9064-39DF7CD222AA}.AppStore|Any CPU.Build.0 = Release|Any CPU
		{9EED875F-F3C4-4753-9064-39DF7CD222AA}.AppStore|Any CPU.Deploy.0 = Release|Any CPU
		{9EED875F-F3C4-4753-9064-39DF7CD222AA}.AppStore|ARM.ActiveCfg = Release|Any CPU
		{9EED875F-F3C4-4753-9064-39DF7CD222AA}.AppStore|ARM.Build.0 = Release|Any CPU
		{9EED875F-F3C4-4753-9064-39DF7CD222AA}.AppStore|ARM.Deploy.0 = Release|Any CPU
		{9EED875F-F3C4-4753-9064-39DF7CD222AA}.AppStore|ARM64.ActiveCfg = Release|Any CPU
		{9EED875F-F3C4-4753-9064-39DF7CD222AA}.AppStore|ARM64.Build.0 = Release|Any CPU
		{9EED875F-F3C4-4753-9064-39DF7CD222AA}.AppStore|ARM64.Deploy.0 = Release|Any CPU
		{9EED875F-F3C4-4753-9064-39DF7CD222AA}.AppStore|iPhone.ActiveCfg = Debug|Any CPU
		{9EED875F-F3C4-4753-9064-39DF7CD222AA}.AppStore|iPhone.Build.0 = Debug|Any CPU
		{9EED875F-F3C4-4753-9064-39DF7CD222AA}.AppStore|iPhoneSimulator.ActiveCfg = Release|Any CPU
		{9EED875F-F3C4-4753-9064-39DF7CD222AA}.AppStore|iPhoneSimulator.Build.0 = Release|Any CPU
		{9EED875F-F3C4-4753-9064-39DF7CD222AA}.AppStore|iPhoneSimulator.Deploy.0 = Release|Any CPU
		{9EED875F-F3C4-4753-9064-39DF7CD222AA}.AppStore|x64.ActiveCfg = Release|Any CPU
		{9EED875F-F3C4-4753-9064-39DF7CD222AA}.AppStore|x64.Build.0 = Release|Any CPU
		{9EED875F-F3C4-4753-9064-39DF7CD222AA}.AppStore|x64.Deploy.0 = Release|Any CPU
		{9EED875F-F3C4-4753-9064-39DF7CD222AA}.AppStore|x86.ActiveCfg = Release|Any CPU
		{9EED875F-F3C4-4753-9064-39DF7CD222AA}.AppStore|x86.Build.0 = Release|Any CPU
		{9EED875F-F3C4-4753-9064-39DF7CD222AA}.AppStore|x86.Deploy.0 = Release|Any CPU
		{9EED875F-F3C4-4753-9064-39DF7CD222AA}.Debug|Any CPU.ActiveCfg = Debug|Any CPU
		{9EED875F-F3C4-4753-9064-39DF7CD222AA}.Debug|Any CPU.Build.0 = Debug|Any CPU
		{9EED875F-F3C4-4753-9064-39DF7CD222AA}.Debug|ARM.ActiveCfg = Debug|Any CPU
		{9EED875F-F3C4-4753-9064-39DF7CD222AA}.Debug|ARM.Build.0 = Debug|Any CPU
		{9EED875F-F3C4-4753-9064-39DF7CD222AA}.Debug|ARM.Deploy.0 = Debug|Any CPU
		{9EED875F-F3C4-4753-9064-39DF7CD222AA}.Debug|ARM64.ActiveCfg = Debug|Any CPU
		{9EED875F-F3C4-4753-9064-39DF7CD222AA}.Debug|ARM64.Build.0 = Debug|Any CPU
		{9EED875F-F3C4-4753-9064-39DF7CD222AA}.Debug|ARM64.Deploy.0 = Debug|Any CPU
		{9EED875F-F3C4-4753-9064-39DF7CD222AA}.Debug|iPhone.ActiveCfg = Debug|Any CPU
		{9EED875F-F3C4-4753-9064-39DF7CD222AA}.Debug|iPhone.Build.0 = Debug|Any CPU
		{9EED875F-F3C4-4753-9064-39DF7CD222AA}.Debug|iPhoneSimulator.ActiveCfg = Debug|Any CPU
		{9EED875F-F3C4-4753-9064-39DF7CD222AA}.Debug|iPhoneSimulator.Build.0 = Debug|Any CPU
		{9EED875F-F3C4-4753-9064-39DF7CD222AA}.Debug|x64.ActiveCfg = Debug|Any CPU
		{9EED875F-F3C4-4753-9064-39DF7CD222AA}.Debug|x64.Build.0 = Debug|Any CPU
		{9EED875F-F3C4-4753-9064-39DF7CD222AA}.Debug|x64.Deploy.0 = Debug|Any CPU
		{9EED875F-F3C4-4753-9064-39DF7CD222AA}.Debug|x86.ActiveCfg = Debug|Any CPU
		{9EED875F-F3C4-4753-9064-39DF7CD222AA}.Debug|x86.Build.0 = Debug|Any CPU
		{9EED875F-F3C4-4753-9064-39DF7CD222AA}.Debug|x86.Deploy.0 = Debug|Any CPU
		{9EED875F-F3C4-4753-9064-39DF7CD222AA}.Release|Any CPU.ActiveCfg = Release|Any CPU
		{9EED875F-F3C4-4753-9064-39DF7CD222AA}.Release|Any CPU.Build.0 = Release|Any CPU
		{9EED875F-F3C4-4753-9064-39DF7CD222AA}.Release|ARM.ActiveCfg = Release|Any CPU
		{9EED875F-F3C4-4753-9064-39DF7CD222AA}.Release|ARM.Build.0 = Release|Any CPU
		{9EED875F-F3C4-4753-9064-39DF7CD222AA}.Release|ARM.Deploy.0 = Release|Any CPU
		{9EED875F-F3C4-4753-9064-39DF7CD222AA}.Release|ARM64.ActiveCfg = Release|Any CPU
		{9EED875F-F3C4-4753-9064-39DF7CD222AA}.Release|ARM64.Build.0 = Release|Any CPU
		{9EED875F-F3C4-4753-9064-39DF7CD222AA}.Release|ARM64.Deploy.0 = Release|Any CPU
		{9EED875F-F3C4-4753-9064-39DF7CD222AA}.Release|iPhone.ActiveCfg = Release|Any CPU
		{9EED875F-F3C4-4753-9064-39DF7CD222AA}.Release|iPhone.Build.0 = Release|Any CPU
		{9EED875F-F3C4-4753-9064-39DF7CD222AA}.Release|iPhoneSimulator.ActiveCfg = Release|Any CPU
		{9EED875F-F3C4-4753-9064-39DF7CD222AA}.Release|iPhoneSimulator.Build.0 = Release|Any CPU
		{9EED875F-F3C4-4753-9064-39DF7CD222AA}.Release|x64.ActiveCfg = Release|Any CPU
		{9EED875F-F3C4-4753-9064-39DF7CD222AA}.Release|x64.Build.0 = Release|Any CPU
		{9EED875F-F3C4-4753-9064-39DF7CD222AA}.Release|x64.Deploy.0 = Release|Any CPU
		{9EED875F-F3C4-4753-9064-39DF7CD222AA}.Release|x86.ActiveCfg = Release|Any CPU
		{9EED875F-F3C4-4753-9064-39DF7CD222AA}.Release|x86.Build.0 = Release|Any CPU
		{9EED875F-F3C4-4753-9064-39DF7CD222AA}.Release|x86.Deploy.0 = Release|Any CPU
		{EFC9E9D1-3EAF-41B5-A081-8994FDBE52C0}.Ad-Hoc|Any CPU.ActiveCfg = Ad-Hoc|iPhoneSimulator
		{EFC9E9D1-3EAF-41B5-A081-8994FDBE52C0}.Ad-Hoc|ARM.ActiveCfg = Ad-Hoc|iPhoneSimulator
		{EFC9E9D1-3EAF-41B5-A081-8994FDBE52C0}.Ad-Hoc|ARM64.ActiveCfg = Ad-Hoc|iPhoneSimulator
		{EFC9E9D1-3EAF-41B5-A081-8994FDBE52C0}.Ad-Hoc|iPhone.ActiveCfg = Ad-Hoc|iPhone
		{EFC9E9D1-3EAF-41B5-A081-8994FDBE52C0}.Ad-Hoc|iPhone.Build.0 = Ad-Hoc|iPhone
		{EFC9E9D1-3EAF-41B5-A081-8994FDBE52C0}.Ad-Hoc|iPhoneSimulator.ActiveCfg = Ad-Hoc|iPhoneSimulator
		{EFC9E9D1-3EAF-41B5-A081-8994FDBE52C0}.Ad-Hoc|iPhoneSimulator.Build.0 = Ad-Hoc|iPhoneSimulator
		{EFC9E9D1-3EAF-41B5-A081-8994FDBE52C0}.Ad-Hoc|x64.ActiveCfg = Ad-Hoc|iPhoneSimulator
		{EFC9E9D1-3EAF-41B5-A081-8994FDBE52C0}.Ad-Hoc|x86.ActiveCfg = Ad-Hoc|iPhoneSimulator
		{EFC9E9D1-3EAF-41B5-A081-8994FDBE52C0}.AppStore|Any CPU.ActiveCfg = AppStore|iPhoneSimulator
		{EFC9E9D1-3EAF-41B5-A081-8994FDBE52C0}.AppStore|ARM.ActiveCfg = AppStore|iPhoneSimulator
		{EFC9E9D1-3EAF-41B5-A081-8994FDBE52C0}.AppStore|ARM64.ActiveCfg = AppStore|iPhoneSimulator
		{EFC9E9D1-3EAF-41B5-A081-8994FDBE52C0}.AppStore|iPhone.ActiveCfg = AppStore|iPhone
		{EFC9E9D1-3EAF-41B5-A081-8994FDBE52C0}.AppStore|iPhone.Build.0 = AppStore|iPhone
		{EFC9E9D1-3EAF-41B5-A081-8994FDBE52C0}.AppStore|iPhoneSimulator.ActiveCfg = AppStore|iPhoneSimulator
		{EFC9E9D1-3EAF-41B5-A081-8994FDBE52C0}.AppStore|iPhoneSimulator.Build.0 = AppStore|iPhoneSimulator
		{EFC9E9D1-3EAF-41B5-A081-8994FDBE52C0}.AppStore|x64.ActiveCfg = AppStore|iPhoneSimulator
		{EFC9E9D1-3EAF-41B5-A081-8994FDBE52C0}.AppStore|x86.ActiveCfg = AppStore|iPhoneSimulator
		{EFC9E9D1-3EAF-41B5-A081-8994FDBE52C0}.Debug|Any CPU.ActiveCfg = Debug|iPhoneSimulator
		{EFC9E9D1-3EAF-41B5-A081-8994FDBE52C0}.Debug|Any CPU.Build.0 = Debug|iPhoneSimulator
		{EFC9E9D1-3EAF-41B5-A081-8994FDBE52C0}.Debug|ARM.ActiveCfg = Debug|iPhone
		{EFC9E9D1-3EAF-41B5-A081-8994FDBE52C0}.Debug|ARM64.ActiveCfg = Debug|iPhone
		{EFC9E9D1-3EAF-41B5-A081-8994FDBE52C0}.Debug|iPhone.ActiveCfg = Debug|iPhone
		{EFC9E9D1-3EAF-41B5-A081-8994FDBE52C0}.Debug|iPhone.Build.0 = Debug|iPhone
		{EFC9E9D1-3EAF-41B5-A081-8994FDBE52C0}.Debug|iPhoneSimulator.ActiveCfg = Debug|iPhoneSimulator
		{EFC9E9D1-3EAF-41B5-A081-8994FDBE52C0}.Debug|iPhoneSimulator.Build.0 = Debug|iPhoneSimulator
		{EFC9E9D1-3EAF-41B5-A081-8994FDBE52C0}.Debug|x64.ActiveCfg = Debug|iPhone
		{EFC9E9D1-3EAF-41B5-A081-8994FDBE52C0}.Debug|x86.ActiveCfg = Debug|iPhone
		{EFC9E9D1-3EAF-41B5-A081-8994FDBE52C0}.Release|Any CPU.ActiveCfg = Release|iPhoneSimulator
		{EFC9E9D1-3EAF-41B5-A081-8994FDBE52C0}.Release|Any CPU.Build.0 = Release|iPhoneSimulator
		{EFC9E9D1-3EAF-41B5-A081-8994FDBE52C0}.Release|ARM.ActiveCfg = Release|iPhone
		{EFC9E9D1-3EAF-41B5-A081-8994FDBE52C0}.Release|ARM64.ActiveCfg = Release|iPhone
		{EFC9E9D1-3EAF-41B5-A081-8994FDBE52C0}.Release|iPhone.ActiveCfg = Release|iPhone
		{EFC9E9D1-3EAF-41B5-A081-8994FDBE52C0}.Release|iPhone.Build.0 = Release|iPhone
		{EFC9E9D1-3EAF-41B5-A081-8994FDBE52C0}.Release|iPhoneSimulator.ActiveCfg = Release|iPhoneSimulator
		{EFC9E9D1-3EAF-41B5-A081-8994FDBE52C0}.Release|iPhoneSimulator.Build.0 = Release|iPhoneSimulator
		{EFC9E9D1-3EAF-41B5-A081-8994FDBE52C0}.Release|x64.ActiveCfg = Release|iPhone
		{EFC9E9D1-3EAF-41B5-A081-8994FDBE52C0}.Release|x86.ActiveCfg = Release|iPhone
		{77A86ACE-E769-4EE3-9C7B-7F2F45139752}.Ad-Hoc|Any CPU.ActiveCfg = Release|Any CPU
		{77A86ACE-E769-4EE3-9C7B-7F2F45139752}.Ad-Hoc|Any CPU.Build.0 = Release|Any CPU
		{77A86ACE-E769-4EE3-9C7B-7F2F45139752}.Ad-Hoc|ARM.ActiveCfg = Release|Any CPU
		{77A86ACE-E769-4EE3-9C7B-7F2F45139752}.Ad-Hoc|ARM.Build.0 = Release|Any CPU
		{77A86ACE-E769-4EE3-9C7B-7F2F45139752}.Ad-Hoc|ARM64.ActiveCfg = Release|Any CPU
		{77A86ACE-E769-4EE3-9C7B-7F2F45139752}.Ad-Hoc|ARM64.Build.0 = Release|Any CPU
		{77A86ACE-E769-4EE3-9C7B-7F2F45139752}.Ad-Hoc|iPhone.ActiveCfg = Debug|Any CPU
		{77A86ACE-E769-4EE3-9C7B-7F2F45139752}.Ad-Hoc|iPhone.Build.0 = Debug|Any CPU
		{77A86ACE-E769-4EE3-9C7B-7F2F45139752}.Ad-Hoc|iPhoneSimulator.ActiveCfg = Release|Any CPU
		{77A86ACE-E769-4EE3-9C7B-7F2F45139752}.Ad-Hoc|iPhoneSimulator.Build.0 = Release|Any CPU
		{77A86ACE-E769-4EE3-9C7B-7F2F45139752}.Ad-Hoc|x64.ActiveCfg = Release|Any CPU
		{77A86ACE-E769-4EE3-9C7B-7F2F45139752}.Ad-Hoc|x64.Build.0 = Release|Any CPU
		{77A86ACE-E769-4EE3-9C7B-7F2F45139752}.Ad-Hoc|x86.ActiveCfg = Release|Any CPU
		{77A86ACE-E769-4EE3-9C7B-7F2F45139752}.Ad-Hoc|x86.Build.0 = Release|Any CPU
		{77A86ACE-E769-4EE3-9C7B-7F2F45139752}.AppStore|Any CPU.ActiveCfg = Release|Any CPU
		{77A86ACE-E769-4EE3-9C7B-7F2F45139752}.AppStore|Any CPU.Build.0 = Release|Any CPU
		{77A86ACE-E769-4EE3-9C7B-7F2F45139752}.AppStore|ARM.ActiveCfg = Release|Any CPU
		{77A86ACE-E769-4EE3-9C7B-7F2F45139752}.AppStore|ARM.Build.0 = Release|Any CPU
		{77A86ACE-E769-4EE3-9C7B-7F2F45139752}.AppStore|ARM64.ActiveCfg = Release|Any CPU
		{77A86ACE-E769-4EE3-9C7B-7F2F45139752}.AppStore|ARM64.Build.0 = Release|Any CPU
		{77A86ACE-E769-4EE3-9C7B-7F2F45139752}.AppStore|iPhone.ActiveCfg = Debug|Any CPU
		{77A86ACE-E769-4EE3-9C7B-7F2F45139752}.AppStore|iPhone.Build.0 = Debug|Any CPU
		{77A86ACE-E769-4EE3-9C7B-7F2F45139752}.AppStore|iPhoneSimulator.ActiveCfg = Release|Any CPU
		{77A86ACE-E769-4EE3-9C7B-7F2F45139752}.AppStore|iPhoneSimulator.Build.0 = Release|Any CPU
		{77A86ACE-E769-4EE3-9C7B-7F2F45139752}.AppStore|x64.ActiveCfg = Release|Any CPU
		{77A86ACE-E769-4EE3-9C7B-7F2F45139752}.AppStore|x64.Build.0 = Release|Any CPU
		{77A86ACE-E769-4EE3-9C7B-7F2F45139752}.AppStore|x86.ActiveCfg = Release|Any CPU
		{77A86ACE-E769-4EE3-9C7B-7F2F45139752}.AppStore|x86.Build.0 = Release|Any CPU
		{77A86ACE-E769-4EE3-9C7B-7F2F45139752}.Debug|Any CPU.ActiveCfg = Debug|Any CPU
		{77A86ACE-E769-4EE3-9C7B-7F2F45139752}.Debug|Any CPU.Build.0 = Debug|Any CPU
		{77A86ACE-E769-4EE3-9C7B-7F2F45139752}.Debug|ARM.ActiveCfg = Debug|Any CPU
		{77A86ACE-E769-4EE3-9C7B-7F2F45139752}.Debug|ARM.Build.0 = Debug|Any CPU
		{77A86ACE-E769-4EE3-9C7B-7F2F45139752}.Debug|ARM64.ActiveCfg = Debug|Any CPU
		{77A86ACE-E769-4EE3-9C7B-7F2F45139752}.Debug|ARM64.Build.0 = Debug|Any CPU
		{77A86ACE-E769-4EE3-9C7B-7F2F45139752}.Debug|iPhone.ActiveCfg = Debug|Any CPU
		{77A86ACE-E769-4EE3-9C7B-7F2F45139752}.Debug|iPhone.Build.0 = Debug|Any CPU
		{77A86ACE-E769-4EE3-9C7B-7F2F45139752}.Debug|iPhoneSimulator.ActiveCfg = Debug|Any CPU
		{77A86ACE-E769-4EE3-9C7B-7F2F45139752}.Debug|iPhoneSimulator.Build.0 = Debug|Any CPU
		{77A86ACE-E769-4EE3-9C7B-7F2F45139752}.Debug|x64.ActiveCfg = Debug|Any CPU
		{77A86ACE-E769-4EE3-9C7B-7F2F45139752}.Debug|x64.Build.0 = Debug|Any CPU
		{77A86ACE-E769-4EE3-9C7B-7F2F45139752}.Debug|x86.ActiveCfg = Debug|Any CPU
		{77A86ACE-E769-4EE3-9C7B-7F2F45139752}.Debug|x86.Build.0 = Debug|Any CPU
		{77A86ACE-E769-4EE3-9C7B-7F2F45139752}.Release|Any CPU.ActiveCfg = Release|Any CPU
		{77A86ACE-E769-4EE3-9C7B-7F2F45139752}.Release|Any CPU.Build.0 = Release|Any CPU
		{77A86ACE-E769-4EE3-9C7B-7F2F45139752}.Release|ARM.ActiveCfg = Release|Any CPU
		{77A86ACE-E769-4EE3-9C7B-7F2F45139752}.Release|ARM.Build.0 = Release|Any CPU
		{77A86ACE-E769-4EE3-9C7B-7F2F45139752}.Release|ARM64.ActiveCfg = Release|Any CPU
		{77A86ACE-E769-4EE3-9C7B-7F2F45139752}.Release|ARM64.Build.0 = Release|Any CPU
		{77A86ACE-E769-4EE3-9C7B-7F2F45139752}.Release|iPhone.ActiveCfg = Release|Any CPU
		{77A86ACE-E769-4EE3-9C7B-7F2F45139752}.Release|iPhone.Build.0 = Release|Any CPU
		{77A86ACE-E769-4EE3-9C7B-7F2F45139752}.Release|iPhoneSimulator.ActiveCfg = Release|Any CPU
		{77A86ACE-E769-4EE3-9C7B-7F2F45139752}.Release|iPhoneSimulator.Build.0 = Release|Any CPU
		{77A86ACE-E769-4EE3-9C7B-7F2F45139752}.Release|x64.ActiveCfg = Release|Any CPU
		{77A86ACE-E769-4EE3-9C7B-7F2F45139752}.Release|x64.Build.0 = Release|Any CPU
		{77A86ACE-E769-4EE3-9C7B-7F2F45139752}.Release|x86.ActiveCfg = Release|Any CPU
		{77A86ACE-E769-4EE3-9C7B-7F2F45139752}.Release|x86.Build.0 = Release|Any CPU
		{78144B76-1773-47C2-B4D1-5351BEC6867D}.Ad-Hoc|Any CPU.ActiveCfg = Release|Any CPU
		{78144B76-1773-47C2-B4D1-5351BEC6867D}.Ad-Hoc|Any CPU.Build.0 = Release|Any CPU
		{78144B76-1773-47C2-B4D1-5351BEC6867D}.Ad-Hoc|ARM.ActiveCfg = Release|Any CPU
		{78144B76-1773-47C2-B4D1-5351BEC6867D}.Ad-Hoc|ARM.Build.0 = Release|Any CPU
		{78144B76-1773-47C2-B4D1-5351BEC6867D}.Ad-Hoc|ARM64.ActiveCfg = Release|Any CPU
		{78144B76-1773-47C2-B4D1-5351BEC6867D}.Ad-Hoc|ARM64.Build.0 = Release|Any CPU
		{78144B76-1773-47C2-B4D1-5351BEC6867D}.Ad-Hoc|iPhone.ActiveCfg = Debug|Any CPU
		{78144B76-1773-47C2-B4D1-5351BEC6867D}.Ad-Hoc|iPhone.Build.0 = Debug|Any CPU
		{78144B76-1773-47C2-B4D1-5351BEC6867D}.Ad-Hoc|iPhoneSimulator.ActiveCfg = Release|Any CPU
		{78144B76-1773-47C2-B4D1-5351BEC6867D}.Ad-Hoc|iPhoneSimulator.Build.0 = Release|Any CPU
		{78144B76-1773-47C2-B4D1-5351BEC6867D}.Ad-Hoc|x64.ActiveCfg = Release|Any CPU
		{78144B76-1773-47C2-B4D1-5351BEC6867D}.Ad-Hoc|x64.Build.0 = Release|Any CPU
		{78144B76-1773-47C2-B4D1-5351BEC6867D}.Ad-Hoc|x86.ActiveCfg = Release|Any CPU
		{78144B76-1773-47C2-B4D1-5351BEC6867D}.Ad-Hoc|x86.Build.0 = Release|Any CPU
		{78144B76-1773-47C2-B4D1-5351BEC6867D}.AppStore|Any CPU.ActiveCfg = Release|Any CPU
		{78144B76-1773-47C2-B4D1-5351BEC6867D}.AppStore|Any CPU.Build.0 = Release|Any CPU
		{78144B76-1773-47C2-B4D1-5351BEC6867D}.AppStore|ARM.ActiveCfg = Release|Any CPU
		{78144B76-1773-47C2-B4D1-5351BEC6867D}.AppStore|ARM.Build.0 = Release|Any CPU
		{78144B76-1773-47C2-B4D1-5351BEC6867D}.AppStore|ARM64.ActiveCfg = Release|Any CPU
		{78144B76-1773-47C2-B4D1-5351BEC6867D}.AppStore|ARM64.Build.0 = Release|Any CPU
		{78144B76-1773-47C2-B4D1-5351BEC6867D}.AppStore|iPhone.ActiveCfg = Debug|Any CPU
		{78144B76-1773-47C2-B4D1-5351BEC6867D}.AppStore|iPhone.Build.0 = Debug|Any CPU
		{78144B76-1773-47C2-B4D1-5351BEC6867D}.AppStore|iPhoneSimulator.ActiveCfg = Release|Any CPU
		{78144B76-1773-47C2-B4D1-5351BEC6867D}.AppStore|iPhoneSimulator.Build.0 = Release|Any CPU
		{78144B76-1773-47C2-B4D1-5351BEC6867D}.AppStore|x64.ActiveCfg = Release|Any CPU
		{78144B76-1773-47C2-B4D1-5351BEC6867D}.AppStore|x64.Build.0 = Release|Any CPU
		{78144B76-1773-47C2-B4D1-5351BEC6867D}.AppStore|x86.ActiveCfg = Release|Any CPU
		{78144B76-1773-47C2-B4D1-5351BEC6867D}.AppStore|x86.Build.0 = Release|Any CPU
		{78144B76-1773-47C2-B4D1-5351BEC6867D}.Debug|Any CPU.ActiveCfg = Debug|Any CPU
		{78144B76-1773-47C2-B4D1-5351BEC6867D}.Debug|Any CPU.Build.0 = Debug|Any CPU
		{78144B76-1773-47C2-B4D1-5351BEC6867D}.Debug|ARM.ActiveCfg = Debug|Any CPU
		{78144B76-1773-47C2-B4D1-5351BEC6867D}.Debug|ARM.Build.0 = Debug|Any CPU
		{78144B76-1773-47C2-B4D1-5351BEC6867D}.Debug|ARM64.ActiveCfg = Debug|Any CPU
		{78144B76-1773-47C2-B4D1-5351BEC6867D}.Debug|ARM64.Build.0 = Debug|Any CPU
		{78144B76-1773-47C2-B4D1-5351BEC6867D}.Debug|iPhone.ActiveCfg = Debug|Any CPU
		{78144B76-1773-47C2-B4D1-5351BEC6867D}.Debug|iPhone.Build.0 = Debug|Any CPU
		{78144B76-1773-47C2-B4D1-5351BEC6867D}.Debug|iPhoneSimulator.ActiveCfg = Debug|Any CPU
		{78144B76-1773-47C2-B4D1-5351BEC6867D}.Debug|iPhoneSimulator.Build.0 = Debug|Any CPU
		{78144B76-1773-47C2-B4D1-5351BEC6867D}.Debug|x64.ActiveCfg = Debug|Any CPU
		{78144B76-1773-47C2-B4D1-5351BEC6867D}.Debug|x64.Build.0 = Debug|Any CPU
		{78144B76-1773-47C2-B4D1-5351BEC6867D}.Debug|x86.ActiveCfg = Debug|Any CPU
		{78144B76-1773-47C2-B4D1-5351BEC6867D}.Debug|x86.Build.0 = Debug|Any CPU
		{78144B76-1773-47C2-B4D1-5351BEC6867D}.Release|Any CPU.ActiveCfg = Release|Any CPU
		{78144B76-1773-47C2-B4D1-5351BEC6867D}.Release|Any CPU.Build.0 = Release|Any CPU
		{78144B76-1773-47C2-B4D1-5351BEC6867D}.Release|ARM.ActiveCfg = Release|Any CPU
		{78144B76-1773-47C2-B4D1-5351BEC6867D}.Release|ARM.Build.0 = Release|Any CPU
		{78144B76-1773-47C2-B4D1-5351BEC6867D}.Release|ARM64.ActiveCfg = Release|Any CPU
		{78144B76-1773-47C2-B4D1-5351BEC6867D}.Release|ARM64.Build.0 = Release|Any CPU
		{78144B76-1773-47C2-B4D1-5351BEC6867D}.Release|iPhone.ActiveCfg = Release|Any CPU
		{78144B76-1773-47C2-B4D1-5351BEC6867D}.Release|iPhone.Build.0 = Release|Any CPU
		{78144B76-1773-47C2-B4D1-5351BEC6867D}.Release|iPhoneSimulator.ActiveCfg = Release|Any CPU
		{78144B76-1773-47C2-B4D1-5351BEC6867D}.Release|iPhoneSimulator.Build.0 = Release|Any CPU
		{78144B76-1773-47C2-B4D1-5351BEC6867D}.Release|x64.ActiveCfg = Release|Any CPU
		{78144B76-1773-47C2-B4D1-5351BEC6867D}.Release|x64.Build.0 = Release|Any CPU
		{78144B76-1773-47C2-B4D1-5351BEC6867D}.Release|x86.ActiveCfg = Release|Any CPU
		{78144B76-1773-47C2-B4D1-5351BEC6867D}.Release|x86.Build.0 = Release|Any CPU
		{DA072342-C557-4A65-B9BD-68C0491C3E9D}.Ad-Hoc|Any CPU.ActiveCfg = Release|Any CPU
		{DA072342-C557-4A65-B9BD-68C0491C3E9D}.Ad-Hoc|Any CPU.Build.0 = Release|Any CPU
		{DA072342-C557-4A65-B9BD-68C0491C3E9D}.Ad-Hoc|ARM.ActiveCfg = Release|Any CPU
		{DA072342-C557-4A65-B9BD-68C0491C3E9D}.Ad-Hoc|ARM.Build.0 = Release|Any CPU
		{DA072342-C557-4A65-B9BD-68C0491C3E9D}.Ad-Hoc|ARM64.ActiveCfg = Release|Any CPU
		{DA072342-C557-4A65-B9BD-68C0491C3E9D}.Ad-Hoc|ARM64.Build.0 = Release|Any CPU
		{DA072342-C557-4A65-B9BD-68C0491C3E9D}.Ad-Hoc|iPhone.ActiveCfg = Debug|Any CPU
		{DA072342-C557-4A65-B9BD-68C0491C3E9D}.Ad-Hoc|iPhone.Build.0 = Debug|Any CPU
		{DA072342-C557-4A65-B9BD-68C0491C3E9D}.Ad-Hoc|iPhoneSimulator.ActiveCfg = Release|Any CPU
		{DA072342-C557-4A65-B9BD-68C0491C3E9D}.Ad-Hoc|iPhoneSimulator.Build.0 = Release|Any CPU
		{DA072342-C557-4A65-B9BD-68C0491C3E9D}.Ad-Hoc|x64.ActiveCfg = Release|Any CPU
		{DA072342-C557-4A65-B9BD-68C0491C3E9D}.Ad-Hoc|x64.Build.0 = Release|Any CPU
		{DA072342-C557-4A65-B9BD-68C0491C3E9D}.Ad-Hoc|x86.ActiveCfg = Release|Any CPU
		{DA072342-C557-4A65-B9BD-68C0491C3E9D}.Ad-Hoc|x86.Build.0 = Release|Any CPU
		{DA072342-C557-4A65-B9BD-68C0491C3E9D}.AppStore|Any CPU.ActiveCfg = Release|Any CPU
		{DA072342-C557-4A65-B9BD-68C0491C3E9D}.AppStore|Any CPU.Build.0 = Release|Any CPU
		{DA072342-C557-4A65-B9BD-68C0491C3E9D}.AppStore|ARM.ActiveCfg = Release|Any CPU
		{DA072342-C557-4A65-B9BD-68C0491C3E9D}.AppStore|ARM.Build.0 = Release|Any CPU
		{DA072342-C557-4A65-B9BD-68C0491C3E9D}.AppStore|ARM64.ActiveCfg = Release|Any CPU
		{DA072342-C557-4A65-B9BD-68C0491C3E9D}.AppStore|ARM64.Build.0 = Release|Any CPU
		{DA072342-C557-4A65-B9BD-68C0491C3E9D}.AppStore|iPhone.ActiveCfg = Debug|Any CPU
		{DA072342-C557-4A65-B9BD-68C0491C3E9D}.AppStore|iPhone.Build.0 = Debug|Any CPU
		{DA072342-C557-4A65-B9BD-68C0491C3E9D}.AppStore|iPhoneSimulator.ActiveCfg = Release|Any CPU
		{DA072342-C557-4A65-B9BD-68C0491C3E9D}.AppStore|iPhoneSimulator.Build.0 = Release|Any CPU
		{DA072342-C557-4A65-B9BD-68C0491C3E9D}.AppStore|x64.ActiveCfg = Release|Any CPU
		{DA072342-C557-4A65-B9BD-68C0491C3E9D}.AppStore|x64.Build.0 = Release|Any CPU
		{DA072342-C557-4A65-B9BD-68C0491C3E9D}.AppStore|x86.ActiveCfg = Release|Any CPU
		{DA072342-C557-4A65-B9BD-68C0491C3E9D}.AppStore|x86.Build.0 = Release|Any CPU
		{DA072342-C557-4A65-B9BD-68C0491C3E9D}.Debug|Any CPU.ActiveCfg = Debug|Any CPU
		{DA072342-C557-4A65-B9BD-68C0491C3E9D}.Debug|Any CPU.Build.0 = Debug|Any CPU
		{DA072342-C557-4A65-B9BD-68C0491C3E9D}.Debug|ARM.ActiveCfg = Debug|Any CPU
		{DA072342-C557-4A65-B9BD-68C0491C3E9D}.Debug|ARM.Build.0 = Debug|Any CPU
		{DA072342-C557-4A65-B9BD-68C0491C3E9D}.Debug|ARM64.ActiveCfg = Debug|Any CPU
		{DA072342-C557-4A65-B9BD-68C0491C3E9D}.Debug|ARM64.Build.0 = Debug|Any CPU
		{DA072342-C557-4A65-B9BD-68C0491C3E9D}.Debug|iPhone.ActiveCfg = Debug|Any CPU
		{DA072342-C557-4A65-B9BD-68C0491C3E9D}.Debug|iPhone.Build.0 = Debug|Any CPU
		{DA072342-C557-4A65-B9BD-68C0491C3E9D}.Debug|iPhoneSimulator.ActiveCfg = Debug|Any CPU
		{DA072342-C557-4A65-B9BD-68C0491C3E9D}.Debug|iPhoneSimulator.Build.0 = Debug|Any CPU
		{DA072342-C557-4A65-B9BD-68C0491C3E9D}.Debug|x64.ActiveCfg = Debug|Any CPU
		{DA072342-C557-4A65-B9BD-68C0491C3E9D}.Debug|x64.Build.0 = Debug|Any CPU
		{DA072342-C557-4A65-B9BD-68C0491C3E9D}.Debug|x86.ActiveCfg = Debug|Any CPU
		{DA072342-C557-4A65-B9BD-68C0491C3E9D}.Debug|x86.Build.0 = Debug|Any CPU
		{DA072342-C557-4A65-B9BD-68C0491C3E9D}.Release|Any CPU.ActiveCfg = Release|Any CPU
		{DA072342-C557-4A65-B9BD-68C0491C3E9D}.Release|Any CPU.Build.0 = Release|Any CPU
		{DA072342-C557-4A65-B9BD-68C0491C3E9D}.Release|ARM.ActiveCfg = Release|Any CPU
		{DA072342-C557-4A65-B9BD-68C0491C3E9D}.Release|ARM.Build.0 = Release|Any CPU
		{DA072342-C557-4A65-B9BD-68C0491C3E9D}.Release|ARM64.ActiveCfg = Release|Any CPU
		{DA072342-C557-4A65-B9BD-68C0491C3E9D}.Release|ARM64.Build.0 = Release|Any CPU
		{DA072342-C557-4A65-B9BD-68C0491C3E9D}.Release|iPhone.ActiveCfg = Release|Any CPU
		{DA072342-C557-4A65-B9BD-68C0491C3E9D}.Release|iPhone.Build.0 = Release|Any CPU
		{DA072342-C557-4A65-B9BD-68C0491C3E9D}.Release|iPhoneSimulator.ActiveCfg = Release|Any CPU
		{DA072342-C557-4A65-B9BD-68C0491C3E9D}.Release|iPhoneSimulator.Build.0 = Release|Any CPU
		{DA072342-C557-4A65-B9BD-68C0491C3E9D}.Release|x64.ActiveCfg = Release|Any CPU
		{DA072342-C557-4A65-B9BD-68C0491C3E9D}.Release|x64.Build.0 = Release|Any CPU
		{DA072342-C557-4A65-B9BD-68C0491C3E9D}.Release|x86.ActiveCfg = Release|Any CPU
		{DA072342-C557-4A65-B9BD-68C0491C3E9D}.Release|x86.Build.0 = Release|Any CPU
		{297262D7-A22B-4A90-9C46-368CB7F692D8}.Ad-Hoc|Any CPU.ActiveCfg = Release|Any CPU
		{297262D7-A22B-4A90-9C46-368CB7F692D8}.Ad-Hoc|Any CPU.Build.0 = Release|Any CPU
		{297262D7-A22B-4A90-9C46-368CB7F692D8}.Ad-Hoc|ARM.ActiveCfg = Release|Any CPU
		{297262D7-A22B-4A90-9C46-368CB7F692D8}.Ad-Hoc|ARM.Build.0 = Release|Any CPU
		{297262D7-A22B-4A90-9C46-368CB7F692D8}.Ad-Hoc|ARM64.ActiveCfg = Release|Any CPU
		{297262D7-A22B-4A90-9C46-368CB7F692D8}.Ad-Hoc|ARM64.Build.0 = Release|Any CPU
		{297262D7-A22B-4A90-9C46-368CB7F692D8}.Ad-Hoc|iPhone.ActiveCfg = Debug|Any CPU
		{297262D7-A22B-4A90-9C46-368CB7F692D8}.Ad-Hoc|iPhone.Build.0 = Debug|Any CPU
		{297262D7-A22B-4A90-9C46-368CB7F692D8}.Ad-Hoc|iPhoneSimulator.ActiveCfg = Release|Any CPU
		{297262D7-A22B-4A90-9C46-368CB7F692D8}.Ad-Hoc|iPhoneSimulator.Build.0 = Release|Any CPU
		{297262D7-A22B-4A90-9C46-368CB7F692D8}.Ad-Hoc|x64.ActiveCfg = Release|Any CPU
		{297262D7-A22B-4A90-9C46-368CB7F692D8}.Ad-Hoc|x64.Build.0 = Release|Any CPU
		{297262D7-A22B-4A90-9C46-368CB7F692D8}.Ad-Hoc|x86.ActiveCfg = Release|Any CPU
		{297262D7-A22B-4A90-9C46-368CB7F692D8}.Ad-Hoc|x86.Build.0 = Release|Any CPU
		{297262D7-A22B-4A90-9C46-368CB7F692D8}.AppStore|Any CPU.ActiveCfg = Release|Any CPU
		{297262D7-A22B-4A90-9C46-368CB7F692D8}.AppStore|Any CPU.Build.0 = Release|Any CPU
		{297262D7-A22B-4A90-9C46-368CB7F692D8}.AppStore|ARM.ActiveCfg = Release|Any CPU
		{297262D7-A22B-4A90-9C46-368CB7F692D8}.AppStore|ARM.Build.0 = Release|Any CPU
		{297262D7-A22B-4A90-9C46-368CB7F692D8}.AppStore|ARM64.ActiveCfg = Release|Any CPU
		{297262D7-A22B-4A90-9C46-368CB7F692D8}.AppStore|ARM64.Build.0 = Release|Any CPU
		{297262D7-A22B-4A90-9C46-368CB7F692D8}.AppStore|iPhone.ActiveCfg = Debug|Any CPU
		{297262D7-A22B-4A90-9C46-368CB7F692D8}.AppStore|iPhone.Build.0 = Debug|Any CPU
		{297262D7-A22B-4A90-9C46-368CB7F692D8}.AppStore|iPhoneSimulator.ActiveCfg = Release|Any CPU
		{297262D7-A22B-4A90-9C46-368CB7F692D8}.AppStore|iPhoneSimulator.Build.0 = Release|Any CPU
		{297262D7-A22B-4A90-9C46-368CB7F692D8}.AppStore|x64.ActiveCfg = Release|Any CPU
		{297262D7-A22B-4A90-9C46-368CB7F692D8}.AppStore|x64.Build.0 = Release|Any CPU
		{297262D7-A22B-4A90-9C46-368CB7F692D8}.AppStore|x86.ActiveCfg = Release|Any CPU
		{297262D7-A22B-4A90-9C46-368CB7F692D8}.AppStore|x86.Build.0 = Release|Any CPU
		{297262D7-A22B-4A90-9C46-368CB7F692D8}.Debug|Any CPU.ActiveCfg = Debug|Any CPU
		{297262D7-A22B-4A90-9C46-368CB7F692D8}.Debug|Any CPU.Build.0 = Debug|Any CPU
		{297262D7-A22B-4A90-9C46-368CB7F692D8}.Debug|ARM.ActiveCfg = Debug|Any CPU
		{297262D7-A22B-4A90-9C46-368CB7F692D8}.Debug|ARM.Build.0 = Debug|Any CPU
		{297262D7-A22B-4A90-9C46-368CB7F692D8}.Debug|ARM64.ActiveCfg = Debug|Any CPU
		{297262D7-A22B-4A90-9C46-368CB7F692D8}.Debug|ARM64.Build.0 = Debug|Any CPU
		{297262D7-A22B-4A90-9C46-368CB7F692D8}.Debug|iPhone.ActiveCfg = Debug|Any CPU
		{297262D7-A22B-4A90-9C46-368CB7F692D8}.Debug|iPhone.Build.0 = Debug|Any CPU
		{297262D7-A22B-4A90-9C46-368CB7F692D8}.Debug|iPhoneSimulator.ActiveCfg = Debug|Any CPU
		{297262D7-A22B-4A90-9C46-368CB7F692D8}.Debug|iPhoneSimulator.Build.0 = Debug|Any CPU
		{297262D7-A22B-4A90-9C46-368CB7F692D8}.Debug|x64.ActiveCfg = Debug|Any CPU
		{297262D7-A22B-4A90-9C46-368CB7F692D8}.Debug|x64.Build.0 = Debug|Any CPU
		{297262D7-A22B-4A90-9C46-368CB7F692D8}.Debug|x86.ActiveCfg = Debug|Any CPU
		{297262D7-A22B-4A90-9C46-368CB7F692D8}.Debug|x86.Build.0 = Debug|Any CPU
		{297262D7-A22B-4A90-9C46-368CB7F692D8}.Release|Any CPU.ActiveCfg = Release|Any CPU
		{297262D7-A22B-4A90-9C46-368CB7F692D8}.Release|Any CPU.Build.0 = Release|Any CPU
		{297262D7-A22B-4A90-9C46-368CB7F692D8}.Release|ARM.ActiveCfg = Release|Any CPU
		{297262D7-A22B-4A90-9C46-368CB7F692D8}.Release|ARM.Build.0 = Release|Any CPU
		{297262D7-A22B-4A90-9C46-368CB7F692D8}.Release|ARM64.ActiveCfg = Release|Any CPU
		{297262D7-A22B-4A90-9C46-368CB7F692D8}.Release|ARM64.Build.0 = Release|Any CPU
		{297262D7-A22B-4A90-9C46-368CB7F692D8}.Release|iPhone.ActiveCfg = Release|Any CPU
		{297262D7-A22B-4A90-9C46-368CB7F692D8}.Release|iPhone.Build.0 = Release|Any CPU
		{297262D7-A22B-4A90-9C46-368CB7F692D8}.Release|iPhoneSimulator.ActiveCfg = Release|Any CPU
		{297262D7-A22B-4A90-9C46-368CB7F692D8}.Release|iPhoneSimulator.Build.0 = Release|Any CPU
		{297262D7-A22B-4A90-9C46-368CB7F692D8}.Release|x64.ActiveCfg = Release|Any CPU
		{297262D7-A22B-4A90-9C46-368CB7F692D8}.Release|x64.Build.0 = Release|Any CPU
		{297262D7-A22B-4A90-9C46-368CB7F692D8}.Release|x86.ActiveCfg = Release|Any CPU
		{297262D7-A22B-4A90-9C46-368CB7F692D8}.Release|x86.Build.0 = Release|Any CPU
		{EE44E0CC-0E40-48AB-B419-B77451308BBE}.Ad-Hoc|Any CPU.ActiveCfg = Release|Any CPU
		{EE44E0CC-0E40-48AB-B419-B77451308BBE}.Ad-Hoc|Any CPU.Build.0 = Release|Any CPU
		{EE44E0CC-0E40-48AB-B419-B77451308BBE}.Ad-Hoc|ARM.ActiveCfg = Release|ARM
		{EE44E0CC-0E40-48AB-B419-B77451308BBE}.Ad-Hoc|ARM.Build.0 = Release|ARM
		{EE44E0CC-0E40-48AB-B419-B77451308BBE}.Ad-Hoc|ARM64.ActiveCfg = Release|ARM64
		{EE44E0CC-0E40-48AB-B419-B77451308BBE}.Ad-Hoc|ARM64.Build.0 = Release|ARM64
		{EE44E0CC-0E40-48AB-B419-B77451308BBE}.Ad-Hoc|iPhone.ActiveCfg = Release|Any CPU
		{EE44E0CC-0E40-48AB-B419-B77451308BBE}.Ad-Hoc|iPhone.Build.0 = Release|Any CPU
		{EE44E0CC-0E40-48AB-B419-B77451308BBE}.Ad-Hoc|iPhoneSimulator.ActiveCfg = Release|Any CPU
		{EE44E0CC-0E40-48AB-B419-B77451308BBE}.Ad-Hoc|iPhoneSimulator.Build.0 = Release|Any CPU
		{EE44E0CC-0E40-48AB-B419-B77451308BBE}.Ad-Hoc|x64.ActiveCfg = Release|x64
		{EE44E0CC-0E40-48AB-B419-B77451308BBE}.Ad-Hoc|x64.Build.0 = Release|x64
		{EE44E0CC-0E40-48AB-B419-B77451308BBE}.Ad-Hoc|x86.ActiveCfg = Release|x86
		{EE44E0CC-0E40-48AB-B419-B77451308BBE}.Ad-Hoc|x86.Build.0 = Release|x86
		{EE44E0CC-0E40-48AB-B419-B77451308BBE}.AppStore|Any CPU.ActiveCfg = Release|Any CPU
		{EE44E0CC-0E40-48AB-B419-B77451308BBE}.AppStore|Any CPU.Build.0 = Release|Any CPU
		{EE44E0CC-0E40-48AB-B419-B77451308BBE}.AppStore|ARM.ActiveCfg = Release|ARM
		{EE44E0CC-0E40-48AB-B419-B77451308BBE}.AppStore|ARM.Build.0 = Release|ARM
		{EE44E0CC-0E40-48AB-B419-B77451308BBE}.AppStore|ARM64.ActiveCfg = Release|ARM64
		{EE44E0CC-0E40-48AB-B419-B77451308BBE}.AppStore|ARM64.Build.0 = Release|ARM64
		{EE44E0CC-0E40-48AB-B419-B77451308BBE}.AppStore|iPhone.ActiveCfg = Release|Any CPU
		{EE44E0CC-0E40-48AB-B419-B77451308BBE}.AppStore|iPhone.Build.0 = Release|Any CPU
		{EE44E0CC-0E40-48AB-B419-B77451308BBE}.AppStore|iPhoneSimulator.ActiveCfg = Release|Any CPU
		{EE44E0CC-0E40-48AB-B419-B77451308BBE}.AppStore|iPhoneSimulator.Build.0 = Release|Any CPU
		{EE44E0CC-0E40-48AB-B419-B77451308BBE}.AppStore|x64.ActiveCfg = Release|x64
		{EE44E0CC-0E40-48AB-B419-B77451308BBE}.AppStore|x64.Build.0 = Release|x64
		{EE44E0CC-0E40-48AB-B419-B77451308BBE}.AppStore|x86.ActiveCfg = Release|x86
		{EE44E0CC-0E40-48AB-B419-B77451308BBE}.AppStore|x86.Build.0 = Release|x86
		{EE44E0CC-0E40-48AB-B419-B77451308BBE}.Debug|Any CPU.ActiveCfg = Debug|Any CPU
		{EE44E0CC-0E40-48AB-B419-B77451308BBE}.Debug|Any CPU.Build.0 = Debug|Any CPU
		{EE44E0CC-0E40-48AB-B419-B77451308BBE}.Debug|ARM.ActiveCfg = Debug|ARM
		{EE44E0CC-0E40-48AB-B419-B77451308BBE}.Debug|ARM.Build.0 = Debug|ARM
		{EE44E0CC-0E40-48AB-B419-B77451308BBE}.Debug|ARM64.ActiveCfg = Debug|ARM64
		{EE44E0CC-0E40-48AB-B419-B77451308BBE}.Debug|ARM64.Build.0 = Debug|ARM64
		{EE44E0CC-0E40-48AB-B419-B77451308BBE}.Debug|iPhone.ActiveCfg = Debug|Any CPU
		{EE44E0CC-0E40-48AB-B419-B77451308BBE}.Debug|iPhone.Build.0 = Debug|Any CPU
		{EE44E0CC-0E40-48AB-B419-B77451308BBE}.Debug|iPhoneSimulator.ActiveCfg = Debug|Any CPU
		{EE44E0CC-0E40-48AB-B419-B77451308BBE}.Debug|iPhoneSimulator.Build.0 = Debug|Any CPU
		{EE44E0CC-0E40-48AB-B419-B77451308BBE}.Debug|x64.ActiveCfg = Debug|x64
		{EE44E0CC-0E40-48AB-B419-B77451308BBE}.Debug|x64.Build.0 = Debug|x64
		{EE44E0CC-0E40-48AB-B419-B77451308BBE}.Debug|x86.ActiveCfg = Debug|x86
		{EE44E0CC-0E40-48AB-B419-B77451308BBE}.Debug|x86.Build.0 = Debug|x86
		{EE44E0CC-0E40-48AB-B419-B77451308BBE}.Release|Any CPU.ActiveCfg = Release|Any CPU
		{EE44E0CC-0E40-48AB-B419-B77451308BBE}.Release|Any CPU.Build.0 = Release|Any CPU
		{EE44E0CC-0E40-48AB-B419-B77451308BBE}.Release|ARM.ActiveCfg = Release|ARM
		{EE44E0CC-0E40-48AB-B419-B77451308BBE}.Release|ARM.Build.0 = Release|ARM
		{EE44E0CC-0E40-48AB-B419-B77451308BBE}.Release|ARM64.ActiveCfg = Release|ARM64
		{EE44E0CC-0E40-48AB-B419-B77451308BBE}.Release|ARM64.Build.0 = Release|ARM64
		{EE44E0CC-0E40-48AB-B419-B77451308BBE}.Release|iPhone.ActiveCfg = Release|Any CPU
		{EE44E0CC-0E40-48AB-B419-B77451308BBE}.Release|iPhone.Build.0 = Release|Any CPU
		{EE44E0CC-0E40-48AB-B419-B77451308BBE}.Release|iPhoneSimulator.ActiveCfg = Release|Any CPU
		{EE44E0CC-0E40-48AB-B419-B77451308BBE}.Release|iPhoneSimulator.Build.0 = Release|Any CPU
		{EE44E0CC-0E40-48AB-B419-B77451308BBE}.Release|x64.ActiveCfg = Release|x64
		{EE44E0CC-0E40-48AB-B419-B77451308BBE}.Release|x64.Build.0 = Release|x64
		{EE44E0CC-0E40-48AB-B419-B77451308BBE}.Release|x86.ActiveCfg = Release|x86
		{EE44E0CC-0E40-48AB-B419-B77451308BBE}.Release|x86.Build.0 = Release|x86
		{C47718CF-1C40-4C72-9A62-DC0CA13C8B2C}.Ad-Hoc|Any CPU.ActiveCfg = Release|x64
		{C47718CF-1C40-4C72-9A62-DC0CA13C8B2C}.Ad-Hoc|Any CPU.Build.0 = Release|x64
		{C47718CF-1C40-4C72-9A62-DC0CA13C8B2C}.Ad-Hoc|Any CPU.Deploy.0 = Release|x64
		{C47718CF-1C40-4C72-9A62-DC0CA13C8B2C}.Ad-Hoc|ARM.ActiveCfg = Release|ARM
		{C47718CF-1C40-4C72-9A62-DC0CA13C8B2C}.Ad-Hoc|ARM.Build.0 = Release|ARM
		{C47718CF-1C40-4C72-9A62-DC0CA13C8B2C}.Ad-Hoc|ARM.Deploy.0 = Release|ARM
		{C47718CF-1C40-4C72-9A62-DC0CA13C8B2C}.Ad-Hoc|ARM64.ActiveCfg = Release|ARM64
		{C47718CF-1C40-4C72-9A62-DC0CA13C8B2C}.Ad-Hoc|ARM64.Build.0 = Release|ARM64
		{C47718CF-1C40-4C72-9A62-DC0CA13C8B2C}.Ad-Hoc|ARM64.Deploy.0 = Release|ARM64
		{C47718CF-1C40-4C72-9A62-DC0CA13C8B2C}.Ad-Hoc|iPhone.ActiveCfg = Release|x64
		{C47718CF-1C40-4C72-9A62-DC0CA13C8B2C}.Ad-Hoc|iPhone.Build.0 = Release|x64
		{C47718CF-1C40-4C72-9A62-DC0CA13C8B2C}.Ad-Hoc|iPhone.Deploy.0 = Release|x64
		{C47718CF-1C40-4C72-9A62-DC0CA13C8B2C}.Ad-Hoc|iPhoneSimulator.ActiveCfg = Release|x64
		{C47718CF-1C40-4C72-9A62-DC0CA13C8B2C}.Ad-Hoc|iPhoneSimulator.Build.0 = Release|x64
		{C47718CF-1C40-4C72-9A62-DC0CA13C8B2C}.Ad-Hoc|iPhoneSimulator.Deploy.0 = Release|x64
		{C47718CF-1C40-4C72-9A62-DC0CA13C8B2C}.Ad-Hoc|x64.ActiveCfg = Release|x64
		{C47718CF-1C40-4C72-9A62-DC0CA13C8B2C}.Ad-Hoc|x64.Build.0 = Release|x64
		{C47718CF-1C40-4C72-9A62-DC0CA13C8B2C}.Ad-Hoc|x64.Deploy.0 = Release|x64
		{C47718CF-1C40-4C72-9A62-DC0CA13C8B2C}.Ad-Hoc|x86.ActiveCfg = Release|x86
		{C47718CF-1C40-4C72-9A62-DC0CA13C8B2C}.Ad-Hoc|x86.Build.0 = Release|x86
		{C47718CF-1C40-4C72-9A62-DC0CA13C8B2C}.Ad-Hoc|x86.Deploy.0 = Release|x86
		{C47718CF-1C40-4C72-9A62-DC0CA13C8B2C}.AppStore|Any CPU.ActiveCfg = Release|x64
		{C47718CF-1C40-4C72-9A62-DC0CA13C8B2C}.AppStore|Any CPU.Build.0 = Release|x64
		{C47718CF-1C40-4C72-9A62-DC0CA13C8B2C}.AppStore|Any CPU.Deploy.0 = Release|x64
		{C47718CF-1C40-4C72-9A62-DC0CA13C8B2C}.AppStore|ARM.ActiveCfg = Release|ARM
		{C47718CF-1C40-4C72-9A62-DC0CA13C8B2C}.AppStore|ARM.Build.0 = Release|ARM
		{C47718CF-1C40-4C72-9A62-DC0CA13C8B2C}.AppStore|ARM.Deploy.0 = Release|ARM
		{C47718CF-1C40-4C72-9A62-DC0CA13C8B2C}.AppStore|ARM64.ActiveCfg = Release|ARM64
		{C47718CF-1C40-4C72-9A62-DC0CA13C8B2C}.AppStore|ARM64.Build.0 = Release|ARM64
		{C47718CF-1C40-4C72-9A62-DC0CA13C8B2C}.AppStore|ARM64.Deploy.0 = Release|ARM64
		{C47718CF-1C40-4C72-9A62-DC0CA13C8B2C}.AppStore|iPhone.ActiveCfg = Release|x64
		{C47718CF-1C40-4C72-9A62-DC0CA13C8B2C}.AppStore|iPhone.Build.0 = Release|x64
		{C47718CF-1C40-4C72-9A62-DC0CA13C8B2C}.AppStore|iPhone.Deploy.0 = Release|x64
		{C47718CF-1C40-4C72-9A62-DC0CA13C8B2C}.AppStore|iPhoneSimulator.ActiveCfg = Release|x64
		{C47718CF-1C40-4C72-9A62-DC0CA13C8B2C}.AppStore|iPhoneSimulator.Build.0 = Release|x64
		{C47718CF-1C40-4C72-9A62-DC0CA13C8B2C}.AppStore|iPhoneSimulator.Deploy.0 = Release|x64
		{C47718CF-1C40-4C72-9A62-DC0CA13C8B2C}.AppStore|x64.ActiveCfg = Release|x64
		{C47718CF-1C40-4C72-9A62-DC0CA13C8B2C}.AppStore|x64.Build.0 = Release|x64
		{C47718CF-1C40-4C72-9A62-DC0CA13C8B2C}.AppStore|x64.Deploy.0 = Release|x64
		{C47718CF-1C40-4C72-9A62-DC0CA13C8B2C}.AppStore|x86.ActiveCfg = Release|x86
		{C47718CF-1C40-4C72-9A62-DC0CA13C8B2C}.AppStore|x86.Build.0 = Release|x86
		{C47718CF-1C40-4C72-9A62-DC0CA13C8B2C}.AppStore|x86.Deploy.0 = Release|x86
		{C47718CF-1C40-4C72-9A62-DC0CA13C8B2C}.Debug|Any CPU.ActiveCfg = Debug|x86
		{C47718CF-1C40-4C72-9A62-DC0CA13C8B2C}.Debug|ARM.ActiveCfg = Debug|ARM
		{C47718CF-1C40-4C72-9A62-DC0CA13C8B2C}.Debug|ARM.Build.0 = Debug|ARM
		{C47718CF-1C40-4C72-9A62-DC0CA13C8B2C}.Debug|ARM.Deploy.0 = Debug|ARM
		{C47718CF-1C40-4C72-9A62-DC0CA13C8B2C}.Debug|ARM64.ActiveCfg = Debug|ARM64
		{C47718CF-1C40-4C72-9A62-DC0CA13C8B2C}.Debug|ARM64.Build.0 = Debug|ARM64
		{C47718CF-1C40-4C72-9A62-DC0CA13C8B2C}.Debug|ARM64.Deploy.0 = Debug|ARM64
		{C47718CF-1C40-4C72-9A62-DC0CA13C8B2C}.Debug|iPhone.ActiveCfg = Debug|x86
		{C47718CF-1C40-4C72-9A62-DC0CA13C8B2C}.Debug|iPhoneSimulator.ActiveCfg = Debug|x86
		{C47718CF-1C40-4C72-9A62-DC0CA13C8B2C}.Debug|x64.ActiveCfg = Debug|x64
		{C47718CF-1C40-4C72-9A62-DC0CA13C8B2C}.Debug|x64.Build.0 = Debug|x64
		{C47718CF-1C40-4C72-9A62-DC0CA13C8B2C}.Debug|x64.Deploy.0 = Debug|x64
		{C47718CF-1C40-4C72-9A62-DC0CA13C8B2C}.Debug|x86.ActiveCfg = Debug|x86
		{C47718CF-1C40-4C72-9A62-DC0CA13C8B2C}.Debug|x86.Build.0 = Debug|x86
		{C47718CF-1C40-4C72-9A62-DC0CA13C8B2C}.Debug|x86.Deploy.0 = Debug|x86
		{C47718CF-1C40-4C72-9A62-DC0CA13C8B2C}.Release|Any CPU.ActiveCfg = Release|x86
		{C47718CF-1C40-4C72-9A62-DC0CA13C8B2C}.Release|ARM.ActiveCfg = Release|ARM
		{C47718CF-1C40-4C72-9A62-DC0CA13C8B2C}.Release|ARM.Build.0 = Release|ARM
		{C47718CF-1C40-4C72-9A62-DC0CA13C8B2C}.Release|ARM.Deploy.0 = Release|ARM
		{C47718CF-1C40-4C72-9A62-DC0CA13C8B2C}.Release|ARM64.ActiveCfg = Release|ARM64
		{C47718CF-1C40-4C72-9A62-DC0CA13C8B2C}.Release|ARM64.Build.0 = Release|ARM64
		{C47718CF-1C40-4C72-9A62-DC0CA13C8B2C}.Release|ARM64.Deploy.0 = Release|ARM64
		{C47718CF-1C40-4C72-9A62-DC0CA13C8B2C}.Release|iPhone.ActiveCfg = Release|x86
		{C47718CF-1C40-4C72-9A62-DC0CA13C8B2C}.Release|iPhoneSimulator.ActiveCfg = Release|x86
		{C47718CF-1C40-4C72-9A62-DC0CA13C8B2C}.Release|x64.ActiveCfg = Release|x64
		{C47718CF-1C40-4C72-9A62-DC0CA13C8B2C}.Release|x64.Build.0 = Release|x64
		{C47718CF-1C40-4C72-9A62-DC0CA13C8B2C}.Release|x64.Deploy.0 = Release|x64
		{C47718CF-1C40-4C72-9A62-DC0CA13C8B2C}.Release|x86.ActiveCfg = Release|x86
		{C47718CF-1C40-4C72-9A62-DC0CA13C8B2C}.Release|x86.Build.0 = Release|x86
		{C47718CF-1C40-4C72-9A62-DC0CA13C8B2C}.Release|x86.Deploy.0 = Release|x86
		{911966E9-BB65-449A-A4F5-4494D78BC593}.Ad-Hoc|Any CPU.ActiveCfg = Release|Any CPU
		{911966E9-BB65-449A-A4F5-4494D78BC593}.Ad-Hoc|Any CPU.Build.0 = Release|Any CPU
		{911966E9-BB65-449A-A4F5-4494D78BC593}.Ad-Hoc|ARM.ActiveCfg = Release|Any CPU
		{911966E9-BB65-449A-A4F5-4494D78BC593}.Ad-Hoc|ARM.Build.0 = Release|Any CPU
		{911966E9-BB65-449A-A4F5-4494D78BC593}.Ad-Hoc|ARM64.ActiveCfg = Release|Any CPU
		{911966E9-BB65-449A-A4F5-4494D78BC593}.Ad-Hoc|ARM64.Build.0 = Release|Any CPU
		{911966E9-BB65-449A-A4F5-4494D78BC593}.Ad-Hoc|iPhone.ActiveCfg = Debug|Any CPU
		{911966E9-BB65-449A-A4F5-4494D78BC593}.Ad-Hoc|iPhone.Build.0 = Debug|Any CPU
		{911966E9-BB65-449A-A4F5-4494D78BC593}.Ad-Hoc|iPhoneSimulator.ActiveCfg = Release|Any CPU
		{911966E9-BB65-449A-A4F5-4494D78BC593}.Ad-Hoc|iPhoneSimulator.Build.0 = Release|Any CPU
		{911966E9-BB65-449A-A4F5-4494D78BC593}.Ad-Hoc|x64.ActiveCfg = Release|Any CPU
		{911966E9-BB65-449A-A4F5-4494D78BC593}.Ad-Hoc|x64.Build.0 = Release|Any CPU
		{911966E9-BB65-449A-A4F5-4494D78BC593}.Ad-Hoc|x86.ActiveCfg = Release|Any CPU
		{911966E9-BB65-449A-A4F5-4494D78BC593}.Ad-Hoc|x86.Build.0 = Release|Any CPU
		{911966E9-BB65-449A-A4F5-4494D78BC593}.AppStore|Any CPU.ActiveCfg = Release|Any CPU
		{911966E9-BB65-449A-A4F5-4494D78BC593}.AppStore|Any CPU.Build.0 = Release|Any CPU
		{911966E9-BB65-449A-A4F5-4494D78BC593}.AppStore|ARM.ActiveCfg = Release|Any CPU
		{911966E9-BB65-449A-A4F5-4494D78BC593}.AppStore|ARM.Build.0 = Release|Any CPU
		{911966E9-BB65-449A-A4F5-4494D78BC593}.AppStore|ARM64.ActiveCfg = Release|Any CPU
		{911966E9-BB65-449A-A4F5-4494D78BC593}.AppStore|ARM64.Build.0 = Release|Any CPU
		{911966E9-BB65-449A-A4F5-4494D78BC593}.AppStore|iPhone.ActiveCfg = Debug|Any CPU
		{911966E9-BB65-449A-A4F5-4494D78BC593}.AppStore|iPhone.Build.0 = Debug|Any CPU
		{911966E9-BB65-449A-A4F5-4494D78BC593}.AppStore|iPhoneSimulator.ActiveCfg = Release|Any CPU
		{911966E9-BB65-449A-A4F5-4494D78BC593}.AppStore|iPhoneSimulator.Build.0 = Release|Any CPU
		{911966E9-BB65-449A-A4F5-4494D78BC593}.AppStore|x64.ActiveCfg = Release|Any CPU
		{911966E9-BB65-449A-A4F5-4494D78BC593}.AppStore|x64.Build.0 = Release|Any CPU
		{911966E9-BB65-449A-A4F5-4494D78BC593}.AppStore|x86.ActiveCfg = Release|Any CPU
		{911966E9-BB65-449A-A4F5-4494D78BC593}.AppStore|x86.Build.0 = Release|Any CPU
		{911966E9-BB65-449A-A4F5-4494D78BC593}.Debug|Any CPU.ActiveCfg = Debug|Any CPU
		{911966E9-BB65-449A-A4F5-4494D78BC593}.Debug|Any CPU.Build.0 = Debug|Any CPU
		{911966E9-BB65-449A-A4F5-4494D78BC593}.Debug|ARM.ActiveCfg = Debug|Any CPU
		{911966E9-BB65-449A-A4F5-4494D78BC593}.Debug|ARM.Build.0 = Debug|Any CPU
		{911966E9-BB65-449A-A4F5-4494D78BC593}.Debug|ARM64.ActiveCfg = Debug|Any CPU
		{911966E9-BB65-449A-A4F5-4494D78BC593}.Debug|ARM64.Build.0 = Debug|Any CPU
		{911966E9-BB65-449A-A4F5-4494D78BC593}.Debug|iPhone.ActiveCfg = Debug|Any CPU
		{911966E9-BB65-449A-A4F5-4494D78BC593}.Debug|iPhone.Build.0 = Debug|Any CPU
		{911966E9-BB65-449A-A4F5-4494D78BC593}.Debug|iPhoneSimulator.ActiveCfg = Debug|Any CPU
		{911966E9-BB65-449A-A4F5-4494D78BC593}.Debug|iPhoneSimulator.Build.0 = Debug|Any CPU
		{911966E9-BB65-449A-A4F5-4494D78BC593}.Debug|x64.ActiveCfg = Debug|Any CPU
		{911966E9-BB65-449A-A4F5-4494D78BC593}.Debug|x64.Build.0 = Debug|Any CPU
		{911966E9-BB65-449A-A4F5-4494D78BC593}.Debug|x86.ActiveCfg = Debug|Any CPU
		{911966E9-BB65-449A-A4F5-4494D78BC593}.Debug|x86.Build.0 = Debug|Any CPU
		{911966E9-BB65-449A-A4F5-4494D78BC593}.Release|Any CPU.ActiveCfg = Release|Any CPU
		{911966E9-BB65-449A-A4F5-4494D78BC593}.Release|Any CPU.Build.0 = Release|Any CPU
		{911966E9-BB65-449A-A4F5-4494D78BC593}.Release|ARM.ActiveCfg = Release|Any CPU
		{911966E9-BB65-449A-A4F5-4494D78BC593}.Release|ARM.Build.0 = Release|Any CPU
		{911966E9-BB65-449A-A4F5-4494D78BC593}.Release|ARM64.ActiveCfg = Release|Any CPU
		{911966E9-BB65-449A-A4F5-4494D78BC593}.Release|ARM64.Build.0 = Release|Any CPU
		{911966E9-BB65-449A-A4F5-4494D78BC593}.Release|iPhone.ActiveCfg = Release|Any CPU
		{911966E9-BB65-449A-A4F5-4494D78BC593}.Release|iPhone.Build.0 = Release|Any CPU
		{911966E9-BB65-449A-A4F5-4494D78BC593}.Release|iPhoneSimulator.ActiveCfg = Release|Any CPU
		{911966E9-BB65-449A-A4F5-4494D78BC593}.Release|iPhoneSimulator.Build.0 = Release|Any CPU
		{911966E9-BB65-449A-A4F5-4494D78BC593}.Release|x64.ActiveCfg = Release|Any CPU
		{911966E9-BB65-449A-A4F5-4494D78BC593}.Release|x64.Build.0 = Release|Any CPU
		{911966E9-BB65-449A-A4F5-4494D78BC593}.Release|x86.ActiveCfg = Release|Any CPU
		{911966E9-BB65-449A-A4F5-4494D78BC593}.Release|x86.Build.0 = Release|Any CPU
		{AF5B4A8F-4A91-4EEC-AAA7-9EEDB36EA3DC}.Ad-Hoc|Any CPU.ActiveCfg = Release|Any CPU
		{AF5B4A8F-4A91-4EEC-AAA7-9EEDB36EA3DC}.Ad-Hoc|Any CPU.Build.0 = Release|Any CPU
		{AF5B4A8F-4A91-4EEC-AAA7-9EEDB36EA3DC}.Ad-Hoc|ARM.ActiveCfg = Release|Any CPU
		{AF5B4A8F-4A91-4EEC-AAA7-9EEDB36EA3DC}.Ad-Hoc|ARM.Build.0 = Release|Any CPU
		{AF5B4A8F-4A91-4EEC-AAA7-9EEDB36EA3DC}.Ad-Hoc|ARM64.ActiveCfg = Release|Any CPU
		{AF5B4A8F-4A91-4EEC-AAA7-9EEDB36EA3DC}.Ad-Hoc|ARM64.Build.0 = Release|Any CPU
		{AF5B4A8F-4A91-4EEC-AAA7-9EEDB36EA3DC}.Ad-Hoc|iPhone.ActiveCfg = Debug|Any CPU
		{AF5B4A8F-4A91-4EEC-AAA7-9EEDB36EA3DC}.Ad-Hoc|iPhone.Build.0 = Debug|Any CPU
		{AF5B4A8F-4A91-4EEC-AAA7-9EEDB36EA3DC}.Ad-Hoc|iPhoneSimulator.ActiveCfg = Release|Any CPU
		{AF5B4A8F-4A91-4EEC-AAA7-9EEDB36EA3DC}.Ad-Hoc|iPhoneSimulator.Build.0 = Release|Any CPU
		{AF5B4A8F-4A91-4EEC-AAA7-9EEDB36EA3DC}.Ad-Hoc|x64.ActiveCfg = Release|Any CPU
		{AF5B4A8F-4A91-4EEC-AAA7-9EEDB36EA3DC}.Ad-Hoc|x64.Build.0 = Release|Any CPU
		{AF5B4A8F-4A91-4EEC-AAA7-9EEDB36EA3DC}.Ad-Hoc|x86.ActiveCfg = Release|Any CPU
		{AF5B4A8F-4A91-4EEC-AAA7-9EEDB36EA3DC}.Ad-Hoc|x86.Build.0 = Release|Any CPU
		{AF5B4A8F-4A91-4EEC-AAA7-9EEDB36EA3DC}.AppStore|Any CPU.ActiveCfg = Release|Any CPU
		{AF5B4A8F-4A91-4EEC-AAA7-9EEDB36EA3DC}.AppStore|Any CPU.Build.0 = Release|Any CPU
		{AF5B4A8F-4A91-4EEC-AAA7-9EEDB36EA3DC}.AppStore|ARM.ActiveCfg = Release|Any CPU
		{AF5B4A8F-4A91-4EEC-AAA7-9EEDB36EA3DC}.AppStore|ARM.Build.0 = Release|Any CPU
		{AF5B4A8F-4A91-4EEC-AAA7-9EEDB36EA3DC}.AppStore|ARM64.ActiveCfg = Release|Any CPU
		{AF5B4A8F-4A91-4EEC-AAA7-9EEDB36EA3DC}.AppStore|ARM64.Build.0 = Release|Any CPU
		{AF5B4A8F-4A91-4EEC-AAA7-9EEDB36EA3DC}.AppStore|iPhone.ActiveCfg = Debug|Any CPU
		{AF5B4A8F-4A91-4EEC-AAA7-9EEDB36EA3DC}.AppStore|iPhone.Build.0 = Debug|Any CPU
		{AF5B4A8F-4A91-4EEC-AAA7-9EEDB36EA3DC}.AppStore|iPhoneSimulator.ActiveCfg = Release|Any CPU
		{AF5B4A8F-4A91-4EEC-AAA7-9EEDB36EA3DC}.AppStore|iPhoneSimulator.Build.0 = Release|Any CPU
		{AF5B4A8F-4A91-4EEC-AAA7-9EEDB36EA3DC}.AppStore|x64.ActiveCfg = Release|Any CPU
		{AF5B4A8F-4A91-4EEC-AAA7-9EEDB36EA3DC}.AppStore|x64.Build.0 = Release|Any CPU
		{AF5B4A8F-4A91-4EEC-AAA7-9EEDB36EA3DC}.AppStore|x86.ActiveCfg = Release|Any CPU
		{AF5B4A8F-4A91-4EEC-AAA7-9EEDB36EA3DC}.AppStore|x86.Build.0 = Release|Any CPU
		{AF5B4A8F-4A91-4EEC-AAA7-9EEDB36EA3DC}.Debug|Any CPU.ActiveCfg = Debug|Any CPU
		{AF5B4A8F-4A91-4EEC-AAA7-9EEDB36EA3DC}.Debug|Any CPU.Build.0 = Debug|Any CPU
		{AF5B4A8F-4A91-4EEC-AAA7-9EEDB36EA3DC}.Debug|ARM.ActiveCfg = Debug|Any CPU
		{AF5B4A8F-4A91-4EEC-AAA7-9EEDB36EA3DC}.Debug|ARM.Build.0 = Debug|Any CPU
		{AF5B4A8F-4A91-4EEC-AAA7-9EEDB36EA3DC}.Debug|ARM64.ActiveCfg = Debug|Any CPU
		{AF5B4A8F-4A91-4EEC-AAA7-9EEDB36EA3DC}.Debug|ARM64.Build.0 = Debug|Any CPU
		{AF5B4A8F-4A91-4EEC-AAA7-9EEDB36EA3DC}.Debug|iPhone.ActiveCfg = Debug|Any CPU
		{AF5B4A8F-4A91-4EEC-AAA7-9EEDB36EA3DC}.Debug|iPhone.Build.0 = Debug|Any CPU
		{AF5B4A8F-4A91-4EEC-AAA7-9EEDB36EA3DC}.Debug|iPhoneSimulator.ActiveCfg = Debug|Any CPU
		{AF5B4A8F-4A91-4EEC-AAA7-9EEDB36EA3DC}.Debug|iPhoneSimulator.Build.0 = Debug|Any CPU
		{AF5B4A8F-4A91-4EEC-AAA7-9EEDB36EA3DC}.Debug|x64.ActiveCfg = Debug|Any CPU
		{AF5B4A8F-4A91-4EEC-AAA7-9EEDB36EA3DC}.Debug|x64.Build.0 = Debug|Any CPU
		{AF5B4A8F-4A91-4EEC-AAA7-9EEDB36EA3DC}.Debug|x86.ActiveCfg = Debug|Any CPU
		{AF5B4A8F-4A91-4EEC-AAA7-9EEDB36EA3DC}.Debug|x86.Build.0 = Debug|Any CPU
		{AF5B4A8F-4A91-4EEC-AAA7-9EEDB36EA3DC}.Release|Any CPU.ActiveCfg = Release|Any CPU
		{AF5B4A8F-4A91-4EEC-AAA7-9EEDB36EA3DC}.Release|Any CPU.Build.0 = Release|Any CPU
		{AF5B4A8F-4A91-4EEC-AAA7-9EEDB36EA3DC}.Release|ARM.ActiveCfg = Release|Any CPU
		{AF5B4A8F-4A91-4EEC-AAA7-9EEDB36EA3DC}.Release|ARM.Build.0 = Release|Any CPU
		{AF5B4A8F-4A91-4EEC-AAA7-9EEDB36EA3DC}.Release|ARM64.ActiveCfg = Release|Any CPU
		{AF5B4A8F-4A91-4EEC-AAA7-9EEDB36EA3DC}.Release|ARM64.Build.0 = Release|Any CPU
		{AF5B4A8F-4A91-4EEC-AAA7-9EEDB36EA3DC}.Release|iPhone.ActiveCfg = Release|Any CPU
		{AF5B4A8F-4A91-4EEC-AAA7-9EEDB36EA3DC}.Release|iPhone.Build.0 = Release|Any CPU
		{AF5B4A8F-4A91-4EEC-AAA7-9EEDB36EA3DC}.Release|iPhoneSimulator.ActiveCfg = Release|Any CPU
		{AF5B4A8F-4A91-4EEC-AAA7-9EEDB36EA3DC}.Release|iPhoneSimulator.Build.0 = Release|Any CPU
		{AF5B4A8F-4A91-4EEC-AAA7-9EEDB36EA3DC}.Release|x64.ActiveCfg = Release|Any CPU
		{AF5B4A8F-4A91-4EEC-AAA7-9EEDB36EA3DC}.Release|x64.Build.0 = Release|Any CPU
		{AF5B4A8F-4A91-4EEC-AAA7-9EEDB36EA3DC}.Release|x86.ActiveCfg = Release|Any CPU
		{AF5B4A8F-4A91-4EEC-AAA7-9EEDB36EA3DC}.Release|x86.Build.0 = Release|Any CPU
	EndGlobalSection
	GlobalSection(SolutionProperties) = preSolution
		HideSolutionNode = FALSE
	EndGlobalSection
	GlobalSection(ExtensibilityGlobals) = postSolution
		SolutionGuid = {ADEA45D4-665F-46B4-A93C-24985213924B}
	EndGlobalSection
EndGlobal